
Microsoft Visual Studio Solution File, Format Version 12.00
# Visual Studio Version 17
VisualStudioVersion = 17.11.35219.272
MinimumVisualStudioVersion = 10.0.40219.1
Project("{FAE04EC0-301F-11D3-BF4B-00C04F79EFBC}") = "Person Example Demo", "Person Example Demo\Person Example Demo.csproj", "{2A6DDD93-5D4F-497C-8B2D-B0BE55386094}"
EndProject
Global
	GlobalSection(SolutionConfigurationPlatforms) = preSolution
		Debug|Any CPU = Debug|Any CPU
		Release|Any CPU = Release|Any CPU
	EndGlobalSection
	GlobalSection(ProjectConfigurationPlatforms) = postSolution
		{2A6DDD93-5D4F-497C-8B2D-B0BE55386094}.Debug|Any CPU.ActiveCfg = Debug|Any CPU
		{2A6DDD93-5D4F-497C-8B2D-B0BE55386094}.Debug|Any CPU.Build.0 = Debug|Any CPU
		{2A6DDD93-5D4F-497C-8B2D-B0BE55386094}.Release|Any CPU.ActiveCfg = Release|Any CPU
		{2A6DDD93-5D4F-497C-8B2D-B0BE55386094}.Release|Any CPU.Build.0 = Release|Any CPU
	EndGlobalSection
	GlobalSection(SolutionProperties) = preSolution
		HideSolutionNode = FALSE
	EndGlobalSection
	GlobalSection(ExtensibilityGlobals) = postSolution
		SolutionGuid = {D26A345E-DBDC-4156-8247-E5F75845E883}
	EndGlobalSection
EndGlobal
